// !$*UTF8*$!
{
	archiveVersion = 1;
	classes = {
	};
	objectVersion = 50;
	objects = {

/* Begin PBXBuildFile section */
		8125F14921BF9DA6008CDCFE /* AppDelegate.swift in Sources */ = {isa = PBXBuildFile; fileRef = 8125F14821BF9DA6008CDCFE /* AppDelegate.swift */; };
		8125F14B21BF9DA6008CDCFE /* ViewController.swift in Sources */ = {isa = PBXBuildFile; fileRef = 8125F14A21BF9DA6008CDCFE /* ViewController.swift */; };
		8125F14E21BF9DA6008CDCFE /* Main.storyboard in Resources */ = {isa = PBXBuildFile; fileRef = 8125F14C21BF9DA6008CDCFE /* Main.storyboard */; };
		8125F15021BF9DA9008CDCFE /* Assets.xcassets in Resources */ = {isa = PBXBuildFile; fileRef = 8125F14F21BF9DA9008CDCFE /* Assets.xcassets */; };
		8125F15321BF9DA9008CDCFE /* LaunchScreen.storyboard in Resources */ = {isa = PBXBuildFile; fileRef = 8125F15121BF9DA9008CDCFE /* LaunchScreen.storyboard */; };
		8125F15E21BF9F0A008CDCFE /* AudioKit.framework in Frameworks */ = {isa = PBXBuildFile; fileRef = 8125F15D21BF9F0A008CDCFE /* AudioKit.framework */; };
		8182448521C11B26001CBEB8 /* guitar@3x.png in Resources */ = {isa = PBXBuildFile; fileRef = 8182448321C11B26001CBEB8 /* guitar@3x.png */; };
		8182448621C11B26001CBEB8 /* guitar@2x.png in Resources */ = {isa = PBXBuildFile; fileRef = 8182448421C11B26001CBEB8 /* guitar@2x.png */; };
/* End PBXBuildFile section */

/* Begin PBXFileReference section */
		8125F14521BF9DA6008CDCFE /* GuitarTuner.app */ = {isa = PBXFileReference; explicitFileType = wrapper.application; includeInIndex = 0; path = GuitarTuner.app; sourceTree = BUILT_PRODUCTS_DIR; };
		8125F14821BF9DA6008CDCFE /* AppDelegate.swift */ = {isa = PBXFileReference; lastKnownFileType = sourcecode.swift; path = AppDelegate.swift; sourceTree = "<group>"; };
		8125F14A21BF9DA6008CDCFE /* ViewController.swift */ = {isa = PBXFileReference; lastKnownFileType = sourcecode.swift; path = ViewController.swift; sourceTree = "<group>"; };
		8125F14D21BF9DA6008CDCFE /* Base */ = {isa = PBXFileReference; lastKnownFileType = file.storyboard; name = Base; path = Base.lproj/Main.storyboard; sourceTree = "<group>"; };
		8125F14F21BF9DA9008CDCFE /* Assets.xcassets */ = {isa = PBXFileReference; lastKnownFileType = folder.assetcatalog; path = Assets.xcassets; sourceTree = "<group>"; };
		8125F15221BF9DA9008CDCFE /* Base */ = {isa = PBXFileReference; lastKnownFileType = file.storyboard; name = Base; path = Base.lproj/LaunchScreen.storyboard; sourceTree = "<group>"; };
		8125F15421BF9DA9008CDCFE /* Info.plist */ = {isa = PBXFileReference; lastKnownFileType = text.plist.xml; path = Info.plist; sourceTree = "<group>"; };
		8125F15D21BF9F0A008CDCFE /* AudioKit.framework */ = {isa = PBXFileReference; lastKnownFileType = wrapper.framework; path = AudioKit.framework; sourceTree = "<group>"; };
		8182448321C11B26001CBEB8 /* guitar@3x.png */ = {isa = PBXFileReference; lastKnownFileType = image.png; path = "guitar@3x.png"; sourceTree = "<group>"; };
		8182448421C11B26001CBEB8 /* guitar@2x.png */ = {isa = PBXFileReference; lastKnownFileType = image.png; path = "guitar@2x.png"; sourceTree = "<group>"; };
/* End PBXFileReference section */

/* Begin PBXFrameworksBuildPhase section */
		8125F14221BF9DA6008CDCFE /* Frameworks */ = {
			isa = PBXFrameworksBuildPhase;
			buildActionMask = 2147483647;
			files = (
				8125F15E21BF9F0A008CDCFE /* AudioKit.framework in Frameworks */,
			);
			runOnlyForDeploymentPostprocessing = 0;
		};
/* End PBXFrameworksBuildPhase section */

/* Begin PBXGroup section */
		8125F13C21BF9DA6008CDCFE = {
			isa = PBXGroup;
			children = (
				8125F14721BF9DA6008CDCFE /* GuitarTuner */,
				8125F14621BF9DA6008CDCFE /* Products */,
				8125F15A21BF9ED6008CDCFE /* Frameworks */,
			);
			sourceTree = "<group>";
		};
		8125F14621BF9DA6008CDCFE /* Products */ = {
			isa = PBXGroup;
			children = (
				8125F14521BF9DA6008CDCFE /* GuitarTuner.app */,
			);
			name = Products;
			sourceTree = "<group>";
		};
		8125F14721BF9DA6008CDCFE /* GuitarTuner */ = {
			isa = PBXGroup;
			children = (
				8125F14821BF9DA6008CDCFE /* AppDelegate.swift */,
				8125F14A21BF9DA6008CDCFE /* ViewController.swift */,
				8125F14C21BF9DA6008CDCFE /* Main.storyboard */,
				8125F14F21BF9DA9008CDCFE /* Assets.xcassets */,
				8125F15121BF9DA9008CDCFE /* LaunchScreen.storyboard */,
				8125F15421BF9DA9008CDCFE /* Info.plist */,
				8182448421C11B26001CBEB8 /* guitar@2x.png */,
				8182448321C11B26001CBEB8 /* guitar@3x.png */,
			);
			path = GuitarTuner;
			sourceTree = "<group>";
		};
		8125F15A21BF9ED6008CDCFE /* Frameworks */ = {
			isa = PBXGroup;
			children = (
				8125F15D21BF9F0A008CDCFE /* AudioKit.framework */,
			);
			name = Frameworks;
			sourceTree = "<group>";
		};
/* End PBXGroup section */

/* Begin PBXNativeTarget section */
		8125F14421BF9DA6008CDCFE /* GuitarTuner */ = {
			isa = PBXNativeTarget;
			buildConfigurationList = 8125F15721BF9DA9008CDCFE /* Build configuration list for PBXNativeTarget "GuitarTuner" */;
			buildPhases = (
				8125F14121BF9DA6008CDCFE /* Sources */,
				8125F14221BF9DA6008CDCFE /* Frameworks */,
				8125F14321BF9DA6008CDCFE /* Resources */,
			);
			buildRules = (
			);
			dependencies = (
			);
			name = GuitarTuner;
			productName = GuitarTuner;
			productReference = 8125F14521BF9DA6008CDCFE /* GuitarTuner.app */;
			productType = "com.apple.product-type.application";
		};
/* End PBXNativeTarget section */

/* Begin PBXProject section */
		8125F13D21BF9DA6008CDCFE /* Project object */ = {
			isa = PBXProject;
			attributes = {
				LastSwiftUpdateCheck = 1010;
				LastUpgradeCheck = 1010;
				ORGANIZATIONNAME = Feng;
				TargetAttributes = {
					8125F14421BF9DA6008CDCFE = {
						CreatedOnToolsVersion = 10.1;
					};
				};
			};
			buildConfigurationList = 8125F14021BF9DA6008CDCFE /* Build configuration list for PBXProject "GuitarTuner" */;
			compatibilityVersion = "Xcode 9.3";
			developmentRegion = en;
			hasScannedForEncodings = 0;
			knownRegions = (
				en,
				Base,
			);
			mainGroup = 8125F13C21BF9DA6008CDCFE;
			productRefGroup = 8125F14621BF9DA6008CDCFE /* Products */;
			projectDirPath = "";
			projectRoot = "";
			targets = (
				8125F14421BF9DA6008CDCFE /* GuitarTuner */,
			);
		};
/* End PBXProject section */

/* Begin PBXResourcesBuildPhase section */
		8125F14321BF9DA6008CDCFE /* Resources */ = {
			isa = PBXResourcesBuildPhase;
			buildActionMask = 2147483647;
			files = (
				8125F15321BF9DA9008CDCFE /* LaunchScreen.storyboard in Resources */,
				8125F15021BF9DA9008CDCFE /* Assets.xcassets in Resources */,
				8125F14E21BF9DA6008CDCFE /* Main.storyboard in Resources */,
				8182448521C11B26001CBEB8 /* guitar@3x.png in Resources */,
				8182448621C11B26001CBEB8 /* guitar@2x.png in Resources */,
			);
			runOnlyForDeploymentPostprocessing = 0;
		};
/* End PBXResourcesBuildPhase section */

/* Begin PBXSourcesBuildPhase section */
		8125F14121BF9DA6008CDCFE /* Sources */ = {
			isa = PBXSourcesBuildPhase;
			buildActionMask = 2147483647;
			files = (
				8125F14B21BF9DA6008CDCFE /* ViewController.swift in Sources */,
				8125F14921BF9DA6008CDCFE /* AppDelegate.swift in Sources */,
			);
			runOnlyForDeploymentPostprocessing = 0;
		};
/* End PBXSourcesBuildPhase section */

/* Begin PBXVariantGroup section */
		8125F14C21BF9DA6008CDCFE /* Main.storyboard */ = {
			isa = PBXVariantGroup;
			children = (
				8125F14D21BF9DA6008CDCFE /* Base */,
			);
			name = Main.storyboard;
			sourceTree = "<group>";
		};
		8125F15121BF9DA9008CDCFE /* LaunchScreen.storyboard */ = {
			isa = PBXVariantGroup;
			children = (
				8125F15221BF9DA9008CDCFE /* Base */,
			);
			name = LaunchScreen.storyboard;
			sourceTree = "<group>";
		};
/* End PBXVariantGroup section */

/* Begin XCBuildConfiguration section */
		8125F15521BF9DA9008CDCFE /* Debug */ = {
			isa = XCBuildConfiguration;
			buildSettings = {
				ALWAYS_SEARCH_USER_PATHS = NO;
				CLANG_ANALYZER_NONNULL = YES;
				CLANG_ANALYZER_NUMBER_OBJECT_CONVERSION = YES_AGGRESSIVE;
				CLANG_CXX_LANGUAGE_STANDARD = "gnu++14";
				CLANG_CXX_LIBRARY = "libc++";
				CLANG_ENABLE_MODULES = YES;
				CLANG_ENABLE_OBJC_ARC = YES;
				CLANG_ENABLE_OBJC_WEAK = YES;
				CLANG_WARN_BLOCK_CAPTURE_AUTORELEASING = YES;
				CLANG_WARN_BOOL_CONVERSION = YES;
				CLANG_WARN_COMMA = YES;
				CLANG_WARN_CONSTANT_CONVERSION = YES;
				CLANG_WARN_DEPRECATED_OBJC_IMPLEMENTATIONS = YES;
				CLANG_WARN_DIRECT_OBJC_ISA_USAGE = YES_ERROR;
				CLANG_WARN_DOCUMENTATION_COMMENTS = YES;
				CLANG_WARN_EMPTY_BODY = YES;
				CLANG_WARN_ENUM_CONVERSION = YES;
				CLANG_WARN_INFINITE_RECURSION = YES;
				CLANG_WARN_INT_CONVERSION = YES;
				CLANG_WARN_NON_LITERAL_NULL_CONVERSION = YES;
				CLANG_WARN_OBJC_IMPLICIT_RETAIN_SELF = YES;
				CLANG_WARN_OBJC_LITERAL_CONVERSION = YES;
				CLANG_WARN_OBJC_ROOT_CLASS = YES_ERROR;
				CLANG_WARN_RANGE_LOOP_ANALYSIS = YES;
				CLANG_WARN_STRICT_PROTOTYPES = YES;
				CLANG_WARN_SUSPICIOUS_MOVE = YES;
				CLANG_WARN_UNGUARDED_AVAILABILITY = YES_AGGRESSIVE;
				CLANG_WARN_UNREACHABLE_CODE = YES;
				CLANG_WARN__DUPLICATE_METHOD_MATCH = YES;
				CODE_SIGN_IDENTITY = "iPhone Developer";
				COPY_PHASE_STRIP = NO;
				DEBUG_INFORMATION_FORMAT = dwarf;
				ENABLE_STRICT_OBJC_MSGSEND = YES;
				ENABLE_TESTABILITY = YES;
				GCC_C_LANGUAGE_STANDARD = gnu11;
				GCC_DYNAMIC_NO_PIC = NO;
				GCC_NO_COMMON_BLOCKS = YES;
				GCC_OPTIMIZATION_LEVEL = 0;
				GCC_PREPROCESSOR_DEFINITIONS = (
					"DEBUG=1",
					"$(inherited)",
				);
				GCC_WARN_64_TO_32_BIT_CONVERSION = YES;
				GCC_WARN_ABOUT_RETURN_TYPE = YES_ERROR;
				GCC_WARN_UNDECLARED_SELECTOR = YES;
				GCC_WARN_UNINITIALIZED_AUTOS = YES_AGGRESSIVE;
				GCC_WARN_UNUSED_FUNCTION = YES;
				GCC_WARN_UNUSED_VARIABLE = YES;
				IPHONEOS_DEPLOYMENT_TARGET = 12.1;
				MTL_ENABLE_DEBUG_INFO = INCLUDE_SOURCE;
				MTL_FAST_MATH = YES;
				ONLY_ACTIVE_ARCH = YES;
				SDKROOT = iphoneos;
				SWIFT_ACTIVE_COMPILATION_CONDITIONS = DEBUG;
				SWIFT_OPTIMIZATION_LEVEL = "-Onone";
			};
			name = Debug;
		};
		8125F15621BF9DA9008CDCFE /* Release */ = {
			isa = XCBuildConfiguration;
			buildSettings = {
				ALWAYS_SEARCH_USER_PATHS = NO;
				CLANG_ANALYZER_NONNULL = YES;
				CLANG_ANALYZER_NUMBER_OBJECT_CONVERSION = YES_AGGRESSIVE;
				CLANG_CXX_LANGUAGE_STANDARD = "gnu++14";
				CLANG_CXX_LIBRARY = "libc++";
				CLANG_ENABLE_MODULES = YES;
				CLANG_ENABLE_OBJC_ARC = YES;
				CLANG_ENABLE_OBJC_WEAK = YES;
				CLANG_WARN_BLOCK_CAPTURE_AUTORELEASING = YES;
				CLANG_WARN_BOOL_CONVERSION = YES;
				CLANG_WARN_COMMA = YES;
				CLANG_WARN_CONSTANT_CONVERSION = YES;
				CLANG_WARN_DEPRECATED_OBJC_IMPLEMENTATIONS = YES;
				CLANG_WARN_DIRECT_OBJC_ISA_USAGE = YES_ERROR;
				CLANG_WARN_DOCUMENTATION_COMMENTS = YES;
				CLANG_WARN_EMPTY_BODY = YES;
				CLANG_WARN_ENUM_CONVERSION = YES;
				CLANG_WARN_INFINITE_RECURSION = YES;
				CLANG_WARN_INT_CONVERSION = YES;
				CLANG_WARN_NON_LITERAL_NULL_CONVERSION = YES;
				CLANG_WARN_OBJC_IMPLICIT_RETAIN_SELF = YES;
				CLANG_WARN_OBJC_LITERAL_CONVERSION = YES;
				CLANG_WARN_OBJC_ROOT_CLASS = YES_ERROR;
				CLANG_WARN_RANGE_LOOP_ANALYSIS = YES;
				CLANG_WARN_STRICT_PROTOTYPES = YES;
				CLANG_WARN_SUSPICIOUS_MOVE = YES;
				CLANG_WARN_UNGUARDED_AVAILABILITY = YES_AGGRESSIVE;
				CLANG_WARN_UNREACHABLE_CODE = YES;
				CLANG_WARN__DUPLICATE_METHOD_MATCH = YES;
				CODE_SIGN_IDENTITY = "iPhone Developer";
				COPY_PHASE_STRIP = NO;
				DEBUG_INFORMATION_FORMAT = "dwarf-with-dsym";
				ENABLE_NS_ASSERTIONS = NO;
				ENABLE_STRICT_OBJC_MSGSEND = YES;
				GCC_C_LANGUAGE_STANDARD = gnu11;
				GCC_NO_COMMON_BLOCKS = YES;
				GCC_WARN_64_TO_32_BIT_CONVERSION = YES;
				GCC_WARN_ABOUT_RETURN_TYPE = YES_ERROR;
				GCC_WARN_UNDECLARED_SELECTOR = YES;
				GCC_WARN_UNINITIALIZED_AUTOS = YES_AGGRESSIVE;
				GCC_WARN_UNUSED_FUNCTION = YES;
				GCC_WARN_UNUSED_VARIABLE = YES;
				IPHONEOS_DEPLOYMENT_TARGET = 12.1;
				MTL_ENABLE_DEBUG_INFO = NO;
				MTL_FAST_MATH = YES;
				SDKROOT = iphoneos;
				SWIFT_COMPILATION_MODE = wholemodule;
				SWIFT_OPTIMIZATION_LEVEL = "-O";
				VALIDATE_PRODUCT = YES;
			};
			name = Release;
		};
		8125F15821BF9DA9008CDCFE /* Debug */ = {
			isa = XCBuildConfiguration;
			buildSettings = {
				ASSETCATALOG_COMPILER_APPICON_NAME = AppIcon;
				CODE_SIGN_STYLE = Automatic;
				DEVELOPMENT_TEAM = 42G68NKSB6;
				FRAMEWORK_SEARCH_PATHS = (
					"$(inherited)",
					"$(PROJECT_DIR)",
				);
				INFOPLIST_FILE = GuitarTuner/Info.plist;
				LD_RUNPATH_SEARCH_PATHS = (
					"$(inherited)",
					"@executable_path/Frameworks",
				);
				OTHER_LDFLAGS = "-lc++";
				PRODUCT_BUNDLE_IDENTIFIER = tw.hsin.GuitarTuner;
				PRODUCT_NAME = "$(TARGET_NAME)";
				SWIFT_VERSION = 4.2;
				TARGETED_DEVICE_FAMILY = "1,2";
			};
			name = Debug;
		};
		8125F15921BF9DA9008CDCFE /* Release */ = {
			isa = XCBuildConfiguration;
			buildSettings = {
				ASSETCATALOG_COMPILER_APPICON_NAME = AppIcon;
				CODE_SIGN_STYLE = Automatic;
				DEVELOPMENT_TEAM = 42G68NKSB6;
				FRAMEWORK_SEARCH_PATHS = (
					"$(inherited)",
					"$(PROJECT_DIR)",
				);
				INFOPLIST_FILE = GuitarTuner/Info.plist;
				LD_RUNPATH_SEARCH_PATHS = (
					"$(inherited)",
					"@executable_path/Frameworks",
				);
				OTHER_LDFLAGS = "-lc++";
				PRODUCT_BUNDLE_IDENTIFIER = tw.hsin.GuitarTuner;
				PRODUCT_NAME = "$(TARGET_NAME)";
				SWIFT_VERSION = 4.2;
				TARGETED_DEVICE_FAMILY = "1,2";
			};
			name = Release;
		};
/* End XCBuildConfiguration section */

/* Begin XCConfigurationList section */
		8125F14021BF9DA6008CDCFE /* Build configuration list for PBXProject "GuitarTuner" */ = {
			isa = XCConfigurationList;
			buildConfigurations = (
				8125F15521BF9DA9008CDCFE /* Debug */,
				8125F15621BF9DA9008CDCFE /* Release */,
			);
			defaultConfigurationIsVisible = 0;
			defaultConfigurationName = Release;
		};
		8125F15721BF9DA9008CDCFE /* Build configuration list for PBXNativeTarget "GuitarTuner" */ = {
			isa = XCConfigurationList;
			buildConfigurations = (
				8125F15821BF9DA9008CDCFE /* Debug */,
				8125F15921BF9DA9008CDCFE /* Release */,
			);
			defaultConfigurationIsVisible = 0;
			defaultConfigurationName = Release;
		};
/* End XCConfigurationList section */
	};
	rootObject = 8125F13D21BF9DA6008CDCFE /* Project object */;
}
